PODS:
  - OpenSSL-Universal (1.1.2200)
  - Sparkle (2.5.2)

DEPENDENCIES:
  - OpenSSL-Universal (~> 1.1.180)
  - Sparkle (~> 2.5.2)

SPEC REPOS:
  https://github.com/CocoaPods/Specs.git:
    - OpenSSL-Universal
    - Sparkle

SPEC CHECKSUMS:
  OpenSSL-Universal: 6e1ae0555546e604dbc632a2b9a24a9c46c41ef6
  Sparkle: 0e335e5c704ac28dbea18cc0383e15a3927c28dc

PODFILE CHECKSUM: 87c99a7e2d7c8cf989c0328d89b087f030418ae7

COCOAPODS: 1.15.2
